
Microsoft Visual Studio Solution File, Format Version 12.00
# Visual Studio Version 17
VisualStudioVersion = 17.3.32825.248
MinimumVisualStudioVersion = 10.0.40219.1
Project("{9A19103F-16F7-4668-BE54-9A1E7A4F7556}") = "StatusConsumer", "StatusConsumer\StatusConsumer.csproj", "{B6CEE403-45AD-413A-B90B-C4FE8CCD5A9F}"
EndProject
Project("{9A19103F-16F7-4668-BE54-9A1E7A4F7556}") = "Models.Ess.Mapster", "Models.Ess.Mapster\Models.Ess.Mapster.csproj", "{D735CEFC-7265-470B-A8EC-63207B440E40}"
EndProject
Project("{9A19103F-16F7-4668-BE54-9A1E7A4F7556}") = "Repository.Ess", "Repository.Ess\Repository.Ess.csproj", "{65463DB4-7C52-490E-B174-240FEC5AC2D8}"
EndProject
Project("{9A19103F-16F7-4668-BE54-9A1E7A4F7556}") = "Services.Ess", "Service.ESS\Services.Ess.csproj", "{FA0D3F0E-F0FE-4B7D-9959-27F32A9AF4F2}"
EndProject
Project("{9A19103F-16F7-4668-BE54-9A1E7A4F7556}") = "Simulator.Ess.Logging.Producer", "Simulator.Ess.Logging.Producer\Simulator.Ess.Logging.Producer.csproj", "{8111CCE5-4CF7-4EC9-B916-4C120FEE6016}"
EndProject
Project("{9A19103F-16F7-4668-BE54-9A1E7A4F7556}") = "Worker.Ess", "Worker.Ess\Worker.Ess.csproj", "{136AB812-9369-4235-A741-E9B7C852D458}"
EndProject
Project("{2150E333-8FDC-42A3-9474-1A3956D46DE8}") = "common", "common", "{947BE264-F7D3-4EA8-A01D-B8E0AE278ACD}"
EndProject
Project("{2150E333-8FDC-42A3-9474-1A3956D46DE8}") = "device-manager", "device-manager", "{37771634-F5BE-4333-B939-6ECDA44020A3}"
EndProject
Project("{2150E333-8FDC-42A3-9474-1A3956D46DE8}") = "entities", "entities", "{D78E6935-83F0-4599-9040-52962C3A71D1}"
EndProject
Project("{9A19103F-16F7-4668-BE54-9A1E7A4F7556}") = "Helpers", "common\Helpers\Helpers.csproj", "{51419252-6081-4D9F-8E06-7DE729D30CDC}"
EndProject
Project("{9A19103F-16F7-4668-BE54-9A1E7A4F7556}") = "Persistence.Common", "common\Persistence.Common\Persistence.Common.csproj", "{65267FCD-4751-4A9B-86F7-AE34583B9002}"
EndProject
Project("{9A19103F-16F7-4668-BE54-9A1E7A4F7556}") = "Persistence.Mongo", "common\Persistence.Mongo\Persistence.Mongo.csproj", "{C2D5EE9A-839F-40A2-BB1C-F20E4968183A}"
EndProject
Project("{9A19103F-16F7-4668-BE54-9A1E7A4F7556}") = "Messaging", "common\Messaging\Messaging.csproj", "{785AD748-75E8-4178-9DC4-6EAE6677919C}"
EndProject
Project("{9A19103F-16F7-4668-BE54-9A1E7A4F7556}") = "Models.Entities", "entities\Models.Entities\Models.Entities.csproj", "{B8DBB000-8514-4ACC-AD57-E32867343887}"
EndProject
Project("{9A19103F-16F7-4668-BE54-9A1E7A4F7556}") = "Models.DeviceManager", "device-manager\Models.DeviceManager\Models.DeviceManager.csproj", "{6BDEE12E-00B3-4EF2-A12F-3F0294B20F6D}"
EndProject
Project("{9A19103F-16F7-4668-BE54-9A1E7A4F7556}") = "Models.DeviceManager.Generated", "device-manager\Models.DeviceManager.Generated\Models.DeviceManager.Generated.csproj", "{F1931E09-DEE7-4D4B-BF85-552B7842E07D}"
EndProject
Project("{9A19103F-16F7-4668-BE54-9A1E7A4F7556}") = "Models.DeviceManager.Mapster", "device-manager\Models.DeviceManager.Mapster\Models.DeviceManager.Mapster.csproj", "{97CC5D15-1E5F-4BD8-AC53-0D155CE13866}"
EndProject
Project("{9A19103F-16F7-4668-BE54-9A1E7A4F7556}") = "Domain.DeviceManager", "device-manager\Domain.DeviceManager\Domain.DeviceManager.csproj", "{F1E251EE-C386-4273-BD9F-A74C565C6ACC}"
EndProject
Project("{9A19103F-16F7-4668-BE54-9A1E7A4F7556}") = "Repository.DeviceManager", "device-manager\Repository.DeviceManager\Repository.DeviceManager.csproj", "{1F4BDA74-F72B-4CEC-9D30-1BC9F0E12BF8}"
EndProject
Project("{9A19103F-16F7-4668-BE54-9A1E7A4F7556}") = "Domain.Entities", "entities\Domain.Entities\Domain.Entities.csproj", "{292614DE-D570-489E-B506-95C0BEAD2BE3}"
EndProject
Project("{9A19103F-16F7-4668-BE54-9A1E7A4F7556}") = "Repository.Entities", "entities\Repository.Entities\Repository.Entities.csproj", "{06F90F32-3510-48D6-8D08-C4C3A8A27461}"
EndProject
Project("{9A19103F-16F7-4668-BE54-9A1E7A4F7556}") = "Models.Ess.Generated", "Models.Ess.Generated\Models.Ess.Generated.csproj", "{2D9DB4E9-2713-4226-8167-CB6FC4D0F953}"
EndProject
Project("{9A19103F-16F7-4668-BE54-9A1E7A4F7556}") = "Models.Ess", "Models.Ess\Models.Ess.csproj", "{7A9858FC-B188-4AED-9F56-B5A414ABB111}"
EndProject
Project("{2150E333-8FDC-42A3-9474-1A3956D46DE8}") = "status", "status", "{7E463CA3-4E46-4AC7-8AD5-87ACEA5D2F30}"
EndProject
Project("{9A19103F-16F7-4668-BE54-9A1E7A4F7556}") = "Status.Ess", "status\Status.Ess\Status.Ess.csproj", "{FFDC58A1-3F27-4C7A-9F1C-74FC5D813EC0}"
EndProject
Project("{9A19103F-16F7-4668-BE54-9A1E7A4F7556}") = "Extensions", "common\Extensions\Extensions.csproj", "{5BE6EAE4-5CB5-439F-B63E-2A421E947488}"
EndProject
Project("{9A19103F-16F7-4668-BE54-9A1E7A4F7556}") = "Status.Ess.Messaging", "status\Status.Ess.Messaging\Status.Ess.Messaging.csproj", "{3F027C1B-C9E6-435C-AE3F-98E0D4BE5B3B}"
EndProject
Project("{9A19103F-16F7-4668-BE54-9A1E7A4F7556}") = "Status.Common.Messaging", "status\Status.Common.Messaging\Status.Common.Messaging.csproj", "{20C121D5-0FEE-49A2-932A-7C194FCB2EE4}"
EndProject
Project("{9A19103F-16F7-4668-BE54-9A1E7A4F7556}") = "Status.Ess.Cache", "status\Status.Ess.Cache\Status.Ess.Cache.csproj", "{947C9D91-F38D-4D1C-B781-104AC79EA7D7}"
EndProject
Project("{2150E333-8FDC-42A3-9474-1A3956D46DE8}") = "config", "config", "{947AD724-A8E4-4C27-B4FE-614A9CA0E97C}"
EndProject
Project("{9A19103F-16F7-4668-BE54-9A1E7A4F7556}") = "Config", "config\Config\Config.csproj", "{36D935A8-B748-4534-95E0-4AD15C398F82}"
EndProject
Project("{9A19103F-16F7-4668-BE54-9A1E7A4F7556}") = "Monitoring", "common\Monitoring\Monitoring.csproj", "{D709F554-326A-46D4-9BC7-F7688B891DDF}"
EndProject
Project("{9A19103F-16F7-4668-BE54-9A1E7A4F7556}") = "Config.Messaging", "config\Config.Messaging\Config.Messaging.csproj", "{886855D5-0FF5-4537-AC7A-874D2AD08B6B}"
EndProject
Project("{9A19103F-16F7-4668-BE54-9A1E7A4F7556}") = "Monitoring.HealthChecks.Redis", "common\Monitoring.HealthChecks.Redis\Monitoring.HealthChecks.Redis.csproj", "{1DDBE8B5-D333-4A46-AEF3-364806F6340A}"
EndProject
Project("{9A19103F-16F7-4668-BE54-9A1E7A4F7556}") = "Monitoring.HealthChecks.Kafka", "common\Monitoring.HealthChecks.Kafka\Monitoring.HealthChecks.Kafka.csproj", "{01897A26-6986-4103-9BCC-86555C6DC684}"
EndProject
Project("{9A19103F-16F7-4668-BE54-9A1E7A4F7556}") = "Extensions.AspNet", "common\Extensions.AspNet\Extensions.AspNet.csproj", "{BA433651-910F-4C60-989C-E2D7DFD0B95F}"
EndProject
Project("{9A19103F-16F7-4668-BE54-9A1E7A4F7556}") = "Authorization", "common\Authorization\Authorization.csproj", "{F3AD762C-BD0A-4993-89AE-7B8CFA96C3DF}"
EndProject
Project("{9A19103F-16F7-4668-BE54-9A1E7A4F7556}") = "Status.Common", "status\Status.Common\Status.Common.csproj", "{93865128-EF0B-4FB4-A47A-3D1F92919C82}"
EndProject
Global
	GlobalSection(SolutionConfigurationPlatforms) = preSolution
		Debug|Any CPU = Debug|Any CPU
		Release|Any CPU = Release|Any CPU
	EndGlobalSection
	GlobalSection(ProjectConfigurationPlatforms) = postSolution
		{B6CEE403-45AD-413A-B90B-C4FE8CCD5A9F}.Debug|Any CPU.ActiveCfg = Debug|Any CPU
		{B6CEE403-45AD-413A-B90B-C4FE8CCD5A9F}.Debug|Any CPU.Build.0 = Debug|Any CPU
		{B6CEE403-45AD-413A-B90B-C4FE8CCD5A9F}.Release|Any CPU.ActiveCfg = Release|Any CPU
		{B6CEE403-45AD-413A-B90B-C4FE8CCD5A9F}.Release|Any CPU.Build.0 = Release|Any CPU
		{D735CEFC-7265-470B-A8EC-63207B440E40}.Debug|Any CPU.ActiveCfg = Debug|Any CPU
		{D735CEFC-7265-470B-A8EC-63207B440E40}.Debug|Any CPU.Build.0 = Debug|Any CPU
		{D735CEFC-7265-470B-A8EC-63207B440E40}.Release|Any CPU.ActiveCfg = Release|Any CPU
		{D735CEFC-7265-470B-A8EC-63207B440E40}.Release|Any CPU.Build.0 = Release|Any CPU
		{65463DB4-7C52-490E-B174-240FEC5AC2D8}.Debug|Any CPU.ActiveCfg = Debug|Any CPU
		{65463DB4-7C52-490E-B174-240FEC5AC2D8}.Debug|Any CPU.Build.0 = Debug|Any CPU
		{65463DB4-7C52-490E-B174-240FEC5AC2D8}.Release|Any CPU.ActiveCfg = Release|Any CPU
		{65463DB4-7C52-490E-B174-240FEC5AC2D8}.Release|Any CPU.Build.0 = Release|Any CPU
		{FA0D3F0E-F0FE-4B7D-9959-27F32A9AF4F2}.Debug|Any CPU.ActiveCfg = Debug|Any CPU
		{FA0D3F0E-F0FE-4B7D-9959-27F32A9AF4F2}.Debug|Any CPU.Build.0 = Debug|Any CPU
		{FA0D3F0E-F0FE-4B7D-9959-27F32A9AF4F2}.Release|Any CPU.ActiveCfg = Release|Any CPU
		{FA0D3F0E-F0FE-4B7D-9959-27F32A9AF4F2}.Release|Any CPU.Build.0 = Release|Any CPU
		{8111CCE5-4CF7-4EC9-B916-4C120FEE6016}.Debug|Any CPU.ActiveCfg = Debug|Any CPU
		{8111CCE5-4CF7-4EC9-B916-4C120FEE6016}.Debug|Any CPU.Build.0 = Debug|Any CPU
		{8111CCE5-4CF7-4EC9-B916-4C120FEE6016}.Release|Any CPU.ActiveCfg = Release|Any CPU
		{8111CCE5-4CF7-4EC9-B916-4C120FEE6016}.Release|Any CPU.Build.0 = Release|Any CPU
		{136AB812-9369-4235-A741-E9B7C852D458}.Debug|Any CPU.ActiveCfg = Debug|Any CPU
		{136AB812-9369-4235-A741-E9B7C852D458}.Debug|Any CPU.Build.0 = Debug|Any CPU
		{136AB812-9369-4235-A741-E9B7C852D458}.Release|Any CPU.ActiveCfg = Release|Any CPU
		{136AB812-9369-4235-A741-E9B7C852D458}.Release|Any CPU.Build.0 = Release|Any CPU
		{51419252-6081-4D9F-8E06-7DE729D30CDC}.Debug|Any CPU.ActiveCfg = Debug|Any CPU
		{51419252-6081-4D9F-8E06-7DE729D30CDC}.Debug|Any CPU.Build.0 = Debug|Any CPU
		{51419252-6081-4D9F-8E06-7DE729D30CDC}.Release|Any CPU.ActiveCfg = Release|Any CPU
		{51419252-6081-4D9F-8E06-7DE729D30CDC}.Release|Any CPU.Build.0 = Release|Any CPU
		{65267FCD-4751-4A9B-86F7-AE34583B9002}.Debug|Any CPU.ActiveCfg = Debug|Any CPU
		{65267FCD-4751-4A9B-86F7-AE34583B9002}.Debug|Any CPU.Build.0 = Debug|Any CPU
		{65267FCD-4751-4A9B-86F7-AE34583B9002}.Release|Any CPU.ActiveCfg = Release|Any CPU
		{65267FCD-4751-4A9B-86F7-AE34583B9002}.Release|Any CPU.Build.0 = Release|Any CPU
		{C2D5EE9A-839F-40A2-BB1C-F20E4968183A}.Debug|Any CPU.ActiveCfg = Debug|Any CPU
		{C2D5EE9A-839F-40A2-BB1C-F20E4968183A}.Debug|Any CPU.Build.0 = Debug|Any CPU
		{C2D5EE9A-839F-40A2-BB1C-F20E4968183A}.Release|Any CPU.ActiveCfg = Release|Any CPU
		{C2D5EE9A-839F-40A2-BB1C-F20E4968183A}.Release|Any CPU.Build.0 = Release|Any CPU
		{785AD748-75E8-4178-9DC4-6EAE6677919C}.Debug|Any CPU.ActiveCfg = Debug|Any CPU
		{785AD748-75E8-4178-9DC4-6EAE6677919C}.Debug|Any CPU.Build.0 = Debug|Any CPU
		{785AD748-75E8-4178-9DC4-6EAE6677919C}.Release|Any CPU.ActiveCfg = Release|Any CPU
		{785AD748-75E8-4178-9DC4-6EAE6677919C}.Release|Any CPU.Build.0 = Release|Any CPU
		{B8DBB000-8514-4ACC-AD57-E32867343887}.Debug|Any CPU.ActiveCfg = Debug|Any CPU
		{B8DBB000-8514-4ACC-AD57-E32867343887}.Debug|Any CPU.Build.0 = Debug|Any CPU
		{B8DBB000-8514-4ACC-AD57-E32867343887}.Release|Any CPU.ActiveCfg = Release|Any CPU
		{B8DBB000-8514-4ACC-AD57-E32867343887}.Release|Any CPU.Build.0 = Release|Any CPU
		{6BDEE12E-00B3-4EF2-A12F-3F0294B20F6D}.Debug|Any CPU.ActiveCfg = Debug|Any CPU
		{6BDEE12E-00B3-4EF2-A12F-3F0294B20F6D}.Debug|Any CPU.Build.0 = Debug|Any CPU
		{6BDEE12E-00B3-4EF2-A12F-3F0294B20F6D}.Release|Any CPU.ActiveCfg = Release|Any CPU
		{6BDEE12E-00B3-4EF2-A12F-3F0294B20F6D}.Release|Any CPU.Build.0 = Release|Any CPU
		{F1931E09-DEE7-4D4B-BF85-552B7842E07D}.Debug|Any CPU.ActiveCfg = Debug|Any CPU
		{F1931E09-DEE7-4D4B-BF85-552B7842E07D}.Debug|Any CPU.Build.0 = Debug|Any CPU
		{F1931E09-DEE7-4D4B-BF85-552B7842E07D}.Release|Any CPU.ActiveCfg = Release|Any CPU
		{F1931E09-DEE7-4D4B-BF85-552B7842E07D}.Release|Any CPU.Build.0 = Release|Any CPU
		{97CC5D15-1E5F-4BD8-AC53-0D155CE13866}.Debug|Any CPU.ActiveCfg = Debug|Any CPU
		{97CC5D15-1E5F-4BD8-AC53-0D155CE13866}.Debug|Any CPU.Build.0 = Debug|Any CPU
		{97CC5D15-1E5F-4BD8-AC53-0D155CE13866}.Release|Any CPU.ActiveCfg = Release|Any CPU
		{97CC5D15-1E5F-4BD8-AC53-0D155CE13866}.Release|Any CPU.Build.0 = Release|Any CPU
		{F1E251EE-C386-4273-BD9F-A74C565C6ACC}.Debug|Any CPU.ActiveCfg = Debug|Any CPU
		{F1E251EE-C386-4273-BD9F-A74C565C6ACC}.Debug|Any CPU.Build.0 = Debug|Any CPU
		{F1E251EE-C386-4273-BD9F-A74C565C6ACC}.Release|Any CPU.ActiveCfg = Release|Any CPU
		{F1E251EE-C386-4273-BD9F-A74C565C6ACC}.Release|Any CPU.Build.0 = Release|Any CPU
		{1F4BDA74-F72B-4CEC-9D30-1BC9F0E12BF8}.Debug|Any CPU.ActiveCfg = Debug|Any CPU
		{1F4BDA74-F72B-4CEC-9D30-1BC9F0E12BF8}.Debug|Any CPU.Build.0 = Debug|Any CPU
		{1F4BDA74-F72B-4CEC-9D30-1BC9F0E12BF8}.Release|Any CPU.ActiveCfg = Release|Any CPU
		{1F4BDA74-F72B-4CEC-9D30-1BC9F0E12BF8}.Release|Any CPU.Build.0 = Release|Any CPU
		{292614DE-D570-489E-B506-95C0BEAD2BE3}.Debug|Any CPU.ActiveCfg = Debug|Any CPU
		{292614DE-D570-489E-B506-95C0BEAD2BE3}.Debug|Any CPU.Build.0 = Debug|Any CPU
		{292614DE-D570-489E-B506-95C0BEAD2BE3}.Release|Any CPU.ActiveCfg = Release|Any CPU
		{292614DE-D570-489E-B506-95C0BEAD2BE3}.Release|Any CPU.Build.0 = Release|Any CPU
		{06F90F32-3510-48D6-8D08-C4C3A8A27461}.Debug|Any CPU.ActiveCfg = Debug|Any CPU
		{06F90F32-3510-48D6-8D08-C4C3A8A27461}.Debug|Any CPU.Build.0 = Debug|Any CPU
		{06F90F32-3510-48D6-8D08-C4C3A8A27461}.Release|Any CPU.ActiveCfg = Release|Any CPU
		{06F90F32-3510-48D6-8D08-C4C3A8A27461}.Release|Any CPU.Build.0 = Release|Any CPU
		{2D9DB4E9-2713-4226-8167-CB6FC4D0F953}.Debug|Any CPU.ActiveCfg = Debug|Any CPU
		{2D9DB4E9-2713-4226-8167-CB6FC4D0F953}.Debug|Any CPU.Build.0 = Debug|Any CPU
		{2D9DB4E9-2713-4226-8167-CB6FC4D0F953}.Release|Any CPU.ActiveCfg = Release|Any CPU
		{2D9DB4E9-2713-4226-8167-CB6FC4D0F953}.Release|Any CPU.Build.0 = Release|Any CPU
		{7A9858FC-B188-4AED-9F56-B5A414ABB111}.Debug|Any CPU.ActiveCfg = Debug|Any CPU
		{7A9858FC-B188-4AED-9F56-B5A414ABB111}.Debug|Any CPU.Build.0 = Debug|Any CPU
		{7A9858FC-B188-4AED-9F56-B5A414ABB111}.Release|Any CPU.ActiveCfg = Release|Any CPU
		{7A9858FC-B188-4AED-9F56-B5A414ABB111}.Release|Any CPU.Build.0 = Release|Any CPU
		{FFDC58A1-3F27-4C7A-9F1C-74FC5D813EC0}.Debug|Any CPU.ActiveCfg = Debug|Any CPU
		{FFDC58A1-3F27-4C7A-9F1C-74FC5D813EC0}.Debug|Any CPU.Build.0 = Debug|Any CPU
		{FFDC58A1-3F27-4C7A-9F1C-74FC5D813EC0}.Release|Any CPU.ActiveCfg = Release|Any CPU
		{FFDC58A1-3F27-4C7A-9F1C-74FC5D813EC0}.Release|Any CPU.Build.0 = Release|Any CPU
		{5BE6EAE4-5CB5-439F-B63E-2A421E947488}.Debug|Any CPU.ActiveCfg = Debug|Any CPU
		{5BE6EAE4-5CB5-439F-B63E-2A421E947488}.Debug|Any CPU.Build.0 = Debug|Any CPU
		{5BE6EAE4-5CB5-439F-B63E-2A421E947488}.Release|Any CPU.ActiveCfg = Release|Any CPU
		{5BE6EAE4-5CB5-439F-B63E-2A421E947488}.Release|Any CPU.Build.0 = Release|Any CPU
		{3F027C1B-C9E6-435C-AE3F-98E0D4BE5B3B}.Debug|Any CPU.ActiveCfg = Debug|Any CPU
		{3F027C1B-C9E6-435C-AE3F-98E0D4BE5B3B}.Debug|Any CPU.Build.0 = Debug|Any CPU
		{3F027C1B-C9E6-435C-AE3F-98E0D4BE5B3B}.Release|Any CPU.ActiveCfg = Release|Any CPU
		{3F027C1B-C9E6-435C-AE3F-98E0D4BE5B3B}.Release|Any CPU.Build.0 = Release|Any CPU
		{20C121D5-0FEE-49A2-932A-7C194FCB2EE4}.Debug|Any CPU.ActiveCfg = Debug|Any CPU
		{20C121D5-0FEE-49A2-932A-7C194FCB2EE4}.Debug|Any CPU.Build.0 = Debug|Any CPU
		{20C121D5-0FEE-49A2-932A-7C194FCB2EE4}.Release|Any CPU.ActiveCfg = Release|Any CPU
		{20C121D5-0FEE-49A2-932A-7C194FCB2EE4}.Release|Any CPU.Build.0 = Release|Any CPU
		{947C9D91-F38D-4D1C-B781-104AC79EA7D7}.Debug|Any CPU.ActiveCfg = Debug|Any CPU
		{947C9D91-F38D-4D1C-B781-104AC79EA7D7}.Debug|Any CPU.Build.0 = Debug|Any CPU
		{947C9D91-F38D-4D1C-B781-104AC79EA7D7}.Release|Any CPU.ActiveCfg = Release|Any CPU
		{947C9D91-F38D-4D1C-B781-104AC79EA7D7}.Release|Any CPU.Build.0 = Release|Any CPU
		{36D935A8-B748-4534-95E0-4AD15C398F82}.Debug|Any CPU.ActiveCfg = Debug|Any CPU
		{36D935A8-B748-4534-95E0-4AD15C398F82}.Debug|Any CPU.Build.0 = Debug|Any CPU
		{36D935A8-B748-4534-95E0-4AD15C398F82}.Release|Any CPU.ActiveCfg = Release|Any CPU
		{36D935A8-B748-4534-95E0-4AD15C398F82}.Release|Any CPU.Build.0 = Release|Any CPU
		{D709F554-326A-46D4-9BC7-F7688B891DDF}.Debug|Any CPU.ActiveCfg = Debug|Any CPU
		{D709F554-326A-46D4-9BC7-F7688B891DDF}.Debug|Any CPU.Build.0 = Debug|Any CPU
		{D709F554-326A-46D4-9BC7-F7688B891DDF}.Release|Any CPU.ActiveCfg = Release|Any CPU
		{D709F554-326A-46D4-9BC7-F7688B891DDF}.Release|Any CPU.Build.0 = Release|Any CPU
		{886855D5-0FF5-4537-AC7A-874D2AD08B6B}.Debug|Any CPU.ActiveCfg = Debug|Any CPU
		{886855D5-0FF5-4537-AC7A-874D2AD08B6B}.Debug|Any CPU.Build.0 = Debug|Any CPU
		{886855D5-0FF5-4537-AC7A-874D2AD08B6B}.Release|Any CPU.ActiveCfg = Release|Any CPU
		{886855D5-0FF5-4537-AC7A-874D2AD08B6B}.Release|Any CPU.Build.0 = Release|Any CPU
		{1DDBE8B5-D333-4A46-AEF3-364806F6340A}.Debug|Any CPU.ActiveCfg = Debug|Any CPU
		{1DDBE8B5-D333-4A46-AEF3-364806F6340A}.Debug|Any CPU.Build.0 = Debug|Any CPU
		{1DDBE8B5-D333-4A46-AEF3-364806F6340A}.Release|Any CPU.ActiveCfg = Release|Any CPU
		{1DDBE8B5-D333-4A46-AEF3-364806F6340A}.Release|Any CPU.Build.0 = Release|Any CPU
		{01897A26-6986-4103-9BCC-86555C6DC684}.Debug|Any CPU.ActiveCfg = Debug|Any CPU
		{01897A26-6986-4103-9BCC-86555C6DC684}.Debug|Any CPU.Build.0 = Debug|Any CPU
		{01897A26-6986-4103-9BCC-86555C6DC684}.Release|Any CPU.ActiveCfg = Release|Any CPU
		{01897A26-6986-4103-9BCC-86555C6DC684}.Release|Any CPU.Build.0 = Release|Any CPU
		{BA433651-910F-4C60-989C-E2D7DFD0B95F}.Debug|Any CPU.ActiveCfg = Debug|Any CPU
		{BA433651-910F-4C60-989C-E2D7DFD0B95F}.Debug|Any CPU.Build.0 = Debug|Any CPU
		{BA433651-910F-4C60-989C-E2D7DFD0B95F}.Release|Any CPU.ActiveCfg = Release|Any CPU
		{BA433651-910F-4C60-989C-E2D7DFD0B95F}.Release|Any CPU.Build.0 = Release|Any CPU
		{F3AD762C-BD0A-4993-89AE-7B8CFA96C3DF}.Debug|Any CPU.ActiveCfg = Debug|Any CPU
		{F3AD762C-BD0A-4993-89AE-7B8CFA96C3DF}.Debug|Any CPU.Build.0 = Debug|Any CPU
		{F3AD762C-BD0A-4993-89AE-7B8CFA96C3DF}.Release|Any CPU.ActiveCfg = Release|Any CPU
		{F3AD762C-BD0A-4993-89AE-7B8CFA96C3DF}.Release|Any CPU.Build.0 = Release|Any CPU
		{93865128-EF0B-4FB4-A47A-3D1F92919C82}.Debug|Any CPU.ActiveCfg = Debug|Any CPU
		{93865128-EF0B-4FB4-A47A-3D1F92919C82}.Debug|Any CPU.Build.0 = Debug|Any CPU
		{93865128-EF0B-4FB4-A47A-3D1F92919C82}.Release|Any CPU.ActiveCfg = Release|Any CPU
		{93865128-EF0B-4FB4-A47A-3D1F92919C82}.Release|Any CPU.Build.0 = Release|Any CPU
	EndGlobalSection
	GlobalSection(SolutionProperties) = preSolution
		HideSolutionNode = FALSE
	EndGlobalSection
	GlobalSection(NestedProjects) = preSolution
		{51419252-6081-4D9F-8E06-7DE729D30CDC} = {947BE264-F7D3-4EA8-A01D-B8E0AE278ACD}
		{65267FCD-4751-4A9B-86F7-AE34583B9002} = {947BE264-F7D3-4EA8-A01D-B8E0AE278ACD}
		{C2D5EE9A-839F-40A2-BB1C-F20E4968183A} = {947BE264-F7D3-4EA8-A01D-B8E0AE278ACD}
		{785AD748-75E8-4178-9DC4-6EAE6677919C} = {947BE264-F7D3-4EA8-A01D-B8E0AE278ACD}
		{B8DBB000-8514-4ACC-AD57-E32867343887} = {D78E6935-83F0-4599-9040-52962C3A71D1}
		{6BDEE12E-00B3-4EF2-A12F-3F0294B20F6D} = {37771634-F5BE-4333-B939-6ECDA44020A3}
		{F1931E09-DEE7-4D4B-BF85-552B7842E07D} = {37771634-F5BE-4333-B939-6ECDA44020A3}
		{97CC5D15-1E5F-4BD8-AC53-0D155CE13866} = {37771634-F5BE-4333-B939-6ECDA44020A3}
		{F1E251EE-C386-4273-BD9F-A74C565C6ACC} = {37771634-F5BE-4333-B939-6ECDA44020A3}
		{1F4BDA74-F72B-4CEC-9D30-1BC9F0E12BF8} = {37771634-F5BE-4333-B939-6ECDA44020A3}
		{292614DE-D570-489E-B506-95C0BEAD2BE3} = {D78E6935-83F0-4599-9040-52962C3A71D1}
		{06F90F32-3510-48D6-8D08-C4C3A8A27461} = {D78E6935-83F0-4599-9040-52962C3A71D1}
		{FFDC58A1-3F27-4C7A-9F1C-74FC5D813EC0} = {7E463CA3-4E46-4AC7-8AD5-87ACEA5D2F30}
		{5BE6EAE4-5CB5-439F-B63E-2A421E947488} = {947BE264-F7D3-4EA8-A01D-B8E0AE278ACD}
		{3F027C1B-C9E6-435C-AE3F-98E0D4BE5B3B} = {7E463CA3-4E46-4AC7-8AD5-87ACEA5D2F30}
		{20C121D5-0FEE-49A2-932A-7C194FCB2EE4} = {7E463CA3-4E46-4AC7-8AD5-87ACEA5D2F30}
		{947C9D91-F38D-4D1C-B781-104AC79EA7D7} = {7E463CA3-4E46-4AC7-8AD5-87ACEA5D2F30}
		{36D935A8-B748-4534-95E0-4AD15C398F82} = {947AD724-A8E4-4C27-B4FE-614A9CA0E97C}
		{D709F554-326A-46D4-9BC7-F7688B891DDF} = {947BE264-F7D3-4EA8-A01D-B8E0AE278ACD}
		{886855D5-0FF5-4537-AC7A-874D2AD08B6B} = {947AD724-A8E4-4C27-B4FE-614A9CA0E97C}
		{1DDBE8B5-D333-4A46-AEF3-364806F6340A} = {947BE264-F7D3-4EA8-A01D-B8E0AE278ACD}
		{01897A26-6986-4103-9BCC-86555C6DC684} = {947BE264-F7D3-4EA8-A01D-B8E0AE278ACD}
		{BA433651-910F-4C60-989C-E2D7DFD0B95F} = {947BE264-F7D3-4EA8-A01D-B8E0AE278ACD}
		{F3AD762C-BD0A-4993-89AE-7B8CFA96C3DF} = {947BE264-F7D3-4EA8-A01D-B8E0AE278ACD}
		{93865128-EF0B-4FB4-A47A-3D1F92919C82} = {7E463CA3-4E46-4AC7-8AD5-87ACEA5D2F30}
	EndGlobalSection
	GlobalSection(ExtensibilityGlobals) = postSolution
		SolutionGuid = {66FECFF8-0EA5-4674-8573-F933283AE378}
	EndGlobalSection
EndGlobal
